
Microsoft Visual Studio Solution File, Format Version 12.00
# Visual Studio Version 17
VisualStudioVersion = 17.9.34714.143
MinimumVisualStudioVersion = 10.0.40219.1
Project("{9A19103F-16F7-4668-BE54-9A1E7A4F7556}") = "BulkyWeb", "BulkyWeb\BulkyWeb.csproj", "{E40F2E88-E73B-4ABC-9E43-7FB8C7942F96}"
EndProject
Project("{9A19103F-16F7-4668-BE54-9A1E7A4F7556}") = "BulkyRazor_temp", "BulkyRazor_temp\BulkyRazor_temp.csproj", "{179C1686-4618-43F9-90E1-B2BF709F455C}"
EndProject
Project("{FAE04EC0-301F-11D3-BF4B-00C04F79EFBC}") = "Bulky.DataAccess", "Bulky.DataAccess\Bulky.DataAccess.csproj", "{8A76D4C7-FEAA-480C-972B-5F99D8FE66FB}"
EndProject
Project("{FAE04EC0-301F-11D3-BF4B-00C04F79EFBC}") = "Bulky.Models", "Bulky.Models\Bulky.Models.csproj", "{C5F53CD5-672C-42A5-AABC-4DEEDD02E72E}"
EndProject
Project("{FAE04EC0-301F-11D3-BF4B-00C04F79EFBC}") = "Bulky.Utility", "Bulky.Utility\Bulky.Utility.csproj", "{F7668A2E-4615-4711-9C7E-8C5B3A1F4811}"
EndProject
Global
	GlobalSection(SolutionConfigurationPlatforms) = preSolution
		Debug|Any CPU = Debug|Any CPU
		Release|Any CPU = Release|Any CPU
	EndGlobalSection
	GlobalSection(ProjectConfigurationPlatforms) = postSolution
		{E40F2E88-E73B-4ABC-9E43-7FB8C7942F96}.Debug|Any CPU.ActiveCfg = Debug|Any CPU
		{E40F2E88-E73B-4ABC-9E43-7FB8C7942F96}.Debug|Any CPU.Build.0 = Debug|Any CPU
		{E40F2E88-E73B-4ABC-9E43-7FB8C7942F96}.Release|Any CPU.ActiveCfg = Release|Any CPU
		{E40F2E88-E73B-4ABC-9E43-7FB8C7942F96}.Release|Any CPU.Build.0 = Release|Any CPU
		{179C1686-4618-43F9-90E1-B2BF709F455C}.Debug|Any CPU.ActiveCfg = Debug|Any CPU
		{179C1686-4618-43F9-90E1-B2BF709F455C}.Debug|Any CPU.Build.0 = Debug|Any CPU
		{179C1686-4618-43F9-90E1-B2BF709F455C}.Release|Any CPU.ActiveCfg = Release|Any CPU
		{179C1686-4618-43F9-90E1-B2BF709F455C}.Release|Any CPU.Build.0 = Release|Any CPU
		{8A76D4C7-FEAA-480C-972B-5F99D8FE66FB}.Debug|Any CPU.ActiveCfg = Debug|Any CPU
		{8A76D4C7-FEAA-480C-972B-5F99D8FE66FB}.Debug|Any CPU.Build.0 = Debug|Any CPU
		{8A76D4C7-FEAA-480C-972B-5F99D8FE66FB}.Release|Any CPU.ActiveCfg = Release|Any CPU
		{8A76D4C7-FEAA-480C-972B-5F99D8FE66FB}.Release|Any CPU.Build.0 = Release|Any CPU
		{C5F53CD5-672C-42A5-AABC-4DEEDD02E72E}.Debug|Any CPU.ActiveCfg = Debug|Any CPU
		{C5F53CD5-672C-42A5-AABC-4DEEDD02E72E}.Debug|Any CPU.Build.0 = Debug|Any CPU
		{C5F53CD5-672C-42A5-AABC-4DEEDD02E72E}.Release|Any CPU.ActiveCfg = Release|Any CPU
		{C5F53CD5-672C-42A5-AABC-4DEEDD02E72E}.Release|Any CPU.Build.0 = Release|Any CPU
		{F7668A2E-4615-4711-9C7E-8C5B3A1F4811}.Debug|Any CPU.ActiveCfg = Debug|Any CPU
		{F7668A2E-4615-4711-9C7E-8C5B3A1F4811}.Debug|Any CPU.Build.0 = Debug|Any CPU
		{F7668A2E-4615-4711-9C7E-8C5B3A1F4811}.Release|Any CPU.ActiveCfg = Release|Any CPU
		{F7668A2E-4615-4711-9C7E-8C5B3A1F4811}.Release|Any CPU.Build.0 = Release|Any CPU
	EndGlobalSection
	GlobalSection(SolutionProperties) = preSolution
		HideSolutionNode = FALSE
	EndGlobalSection
	GlobalSection(ExtensibilityGlobals) = postSolution
		SolutionGuid = {1013EFA4-83AC-4410-822B-18103A1C8139}
	EndGlobalSection
EndGlobal
